{
  "nodes": {
    "crane": {
      "locked": {
        "lastModified": 1739053031,
        "narHash": "sha256-LrMDRuwAlRFD2T4MgBSRd1s2VtOE+Vl1oMCNu3RpPE0=",
        "owner": "ipetkov",
        "repo": "crane",
        "rev": "112e6591b2d6313b1bd05a80a754a8ee42432a7e",
        "type": "github"
      },
      "original": {
        "owner": "ipetkov",
        "repo": "crane",
        "type": "github"
      }
    },
    "fenix": {
      "inputs": {
        "nixpkgs": [
          "nixpkgs"
        ],
        "rust-analyzer-src": []
      },
      "locked": {
        "lastModified": 1739342042,
        "narHash": "sha256-oi6joJyRviczLJeN8TEI1XVKVb+E/UCnMTtdIn/6fhg=",
        "owner": "nix-community",
        "repo": "fenix",
        "rev": "2d0149540591393c61dfd29f6883ba712d24e04f",
        "type": "github"
      },
      "original": {
        "owner": "nix-community",
        "repo": "fenix",
        "type": "github"
      }
    },
    "nixpkgs": {
      "locked": {
        "lastModified": 1739206421,
        "narHash": "sha256-PwQASeL2cGVmrtQYlrBur0U20Xy07uSWVnFup2PHnDs=",
        "owner": "NixOS",
        "repo": "nixpkgs",
        "rev": "44534bc021b85c8d78e465021e21f33b856e2540",
        "type": "github"
      },
      "original": {
        "owner": "NixOS",
        "ref": "nixos-24.11",
        "repo": "nixpkgs",
        "type": "github"
      }
    },
    "root": {
      "inputs": {
        "crane": "crane",
        "fenix": "fenix",
        "nixpkgs": "nixpkgs"
      }
    }
  },
  "root": "root",
  "version": 7
}
